// !$*UTF8*$!
{
	archiveVersion = 1;
	classes = {
	};
	objectVersion = 56;
	objects = {

/* Begin PBXBuildFile section */
		B5F9F3222A7A96A60038E1BA /* TomeiGirlApp.swift in Sources */ = {isa = PBXBuildFile; fileRef = B5F9F3212A7A96A60038E1BA /* TomeiGirlApp.swift */; };
		B5F9F3242A7A96A60038E1BA /* ContentView.swift in Sources */ = {isa = PBXBuildFile; fileRef = B5F9F3232A7A96A60038E1BA /* ContentView.swift */; };
		B5F9F3262A7A96A90038E1BA /* Assets.xcassets in Resources */ = {isa = PBXBuildFile; fileRef = B5F9F3252A7A96A90038E1BA /* Assets.xcassets */; };
		B5F9F32A2A7A96A90038E1BA /* Preview Assets.xcassets in Resources */ = {isa = PBXBuildFile; fileRef = B5F9F3292A7A96A90038E1BA /* Preview Assets.xcassets */; };
		B5F9F3312A7A97800038E1BA /* EpisodeModelView.swift in Sources */ = {isa = PBXBuildFile; fileRef = B5F9F3302A7A97800038E1BA /* EpisodeModelView.swift */; };
		B5F9F3332A7A97AA0038E1BA /* SyutokuModelView.swift in Sources */ = {isa = PBXBuildFile; fileRef = B5F9F3322A7A97AA0038E1BA /* SyutokuModelView.swift */; };
		B5F9F3352A7A98AB0038E1BA /* tomeigirls.mp3 in Resources */ = {isa = PBXBuildFile; fileRef = B5F9F3342A7A98AB0038E1BA /* tomeigirls.mp3 */; };
		B5F9F3392A7B9B0F0038E1BA /* .gitignore in Resources */ = {isa = PBXBuildFile; fileRef = B5F9F3382A7B9B0F0038E1BA /* .gitignore */; };
/* End PBXBuildFile section */

/* Begin PBXFileReference section */
		B5F9F31E2A7A96A60038E1BA /* TomeiGirl.app */ = {isa = PBXFileReference; explicitFileType = wrapper.application; includeInIndex = 0; path = TomeiGirl.app; sourceTree = BUILT_PRODUCTS_DIR; };
		B5F9F3212A7A96A60038E1BA /* TomeiGirlApp.swift */ = {isa = PBXFileReference; lastKnownFileType = sourcecode.swift; path = TomeiGirlApp.swift; sourceTree = "<group>"; };
		B5F9F3232A7A96A60038E1BA /* ContentView.swift */ = {isa = PBXFileReference; lastKnownFileType = sourcecode.swift; path = ContentView.swift; sourceTree = "<group>"; };
		B5F9F3252A7A96A90038E1BA /* Assets.xcassets */ = {isa = PBXFileReference; lastKnownFileType = folder.assetcatalog; path = Assets.xcassets; sourceTree = "<group>"; };
		B5F9F3272A7A96A90038E1BA /* TomeiGirl.entitlements */ = {isa = PBXFileReference; lastKnownFileType = text.plist.entitlements; path = TomeiGirl.entitlements; sourceTree = "<group>"; };
		B5F9F3292A7A96A90038E1BA /* Preview Assets.xcassets */ = {isa = PBXFileReference; lastKnownFileType = folder.assetcatalog; path = "Preview Assets.xcassets"; sourceTree = "<group>"; };
		B5F9F3302A7A97800038E1BA /* EpisodeModelView.swift */ = {isa = PBXFileReference; lastKnownFileType = sourcecode.swift; path = EpisodeModelView.swift; sourceTree = "<group>"; };
		B5F9F3322A7A97AA0038E1BA /* SyutokuModelView.swift */ = {isa = PBXFileReference; lastKnownFileType = sourcecode.swift; path = SyutokuModelView.swift; sourceTree = "<group>"; };
		B5F9F3342A7A98AB0038E1BA /* tomeigirls.mp3 */ = {isa = PBXFileReference; lastKnownFileType = audio.mp3; name = tomeigirls.mp3; path = ../../../Downloads/tomeigirls.mp3; sourceTree = "<group>"; };
		B5F9F3382A7B9B0F0038E1BA /* .gitignore */ = {isa = PBXFileReference; lastKnownFileType = text; path = .gitignore; sourceTree = "<group>"; };
/* End PBXFileReference section */

/* Begin PBXFrameworksBuildPhase section */
		B5F9F31B2A7A96A60038E1BA /* Frameworks */ = {
			isa = PBXFrameworksBuildPhase;
			buildActionMask = 2147483647;
			files = (
			);
			runOnlyForDeploymentPostprocessing = 0;
		};
/* End PBXFrameworksBuildPhase section */

/* Begin PBXGroup section */
		B5F9F3152A7A96A60038E1BA = {
			isa = PBXGroup;
			children = (
				B5F9F3202A7A96A60038E1BA /* TomeiGirl */,
				B5F9F31F2A7A96A60038E1BA /* Products */,
			);
			sourceTree = "<group>";
		};
		B5F9F31F2A7A96A60038E1BA /* Products */ = {
			isa = PBXGroup;
			children = (
				B5F9F31E2A7A96A60038E1BA /* TomeiGirl.app */,
			);
			name = Products;
			sourceTree = "<group>";
		};
		B5F9F3202A7A96A60038E1BA /* TomeiGirl */ = {
			isa = PBXGroup;
			children = (
				B5F9F3212A7A96A60038E1BA /* TomeiGirlApp.swift */,
				B5F9F3232A7A96A60038E1BA /* ContentView.swift */,
				B5F9F3342A7A98AB0038E1BA /* tomeigirls.mp3 */,
				B5F9F3302A7A97800038E1BA /* EpisodeModelView.swift */,
				B5F9F3322A7A97AA0038E1BA /* SyutokuModelView.swift */,
				B5F9F3252A7A96A90038E1BA /* Assets.xcassets */,
				B5F9F3272A7A96A90038E1BA /* TomeiGirl.entitlements */,
				B5F9F3282A7A96A90038E1BA /* Preview Content */,
				B5F9F3382A7B9B0F0038E1BA /* .gitignore */,
			);
			path = TomeiGirl;
			sourceTree = "<group>";
		};
		B5F9F3282A7A96A90038E1BA /* Preview Content */ = {
			isa = PBXGroup;
			children = (
				B5F9F3292A7A96A90038E1BA /* Preview Assets.xcassets */,
			);
			path = "Preview Content";
			sourceTree = "<group>";
		};
/* End PBXGroup section */

/* Begin PBXNativeTarget section */
		B5F9F31D2A7A96A60038E1BA /* TomeiGirl */ = {
			isa = PBXNativeTarget;
			buildConfigurationList = B5F9F32D2A7A96A90038E1BA /* Build configuration list for PBXNativeTarget "TomeiGirl" */;
			buildPhases = (
				B5F9F31A2A7A96A60038E1BA /* Sources */,
				B5F9F31B2A7A96A60038E1BA /* Frameworks */,
				B5F9F31C2A7A96A60038E1BA /* Resources */,
			);
			buildRules = (
			);
			dependencies = (
			);
			name = TomeiGirl;
			productName = TomeiGirl;
			productReference = B5F9F31E2A7A96A60038E1BA /* TomeiGirl.app */;
			productType = "com.apple.product-type.application";
		};
/* End PBXNativeTarget section */

/* Begin PBXProject section */
		B5F9F3162A7A96A60038E1BA /* Project object */ = {
			isa = PBXProject;
			attributes = {
				BuildIndependentTargetsInParallel = 1;
				LastSwiftUpdateCheck = 1430;
				LastUpgradeCheck = 1430;
				TargetAttributes = {
					B5F9F31D2A7A96A60038E1BA = {
						CreatedOnToolsVersion = 14.3.1;
					};
				};
			};
			buildConfigurationList = B5F9F3192A7A96A60038E1BA /* Build configuration list for PBXProject "TomeiGirl" */;
			compatibilityVersion = "Xcode 14.0";
			developmentRegion = en;
			hasScannedForEncodings = 0;
			knownRegions = (
				en,
				Base,
			);
			mainGroup = B5F9F3152A7A96A60038E1BA;
			productRefGroup = B5F9F31F2A7A96A60038E1BA /* Products */;
			projectDirPath = "";
			projectRoot = "";
			targets = (
				B5F9F31D2A7A96A60038E1BA /* TomeiGirl */,
			);
		};
/* End PBXProject section */

/* Begin PBXResourcesBuildPhase section */
		B5F9F31C2A7A96A60038E1BA /* Resources */ = {
			isa = PBXResourcesBuildPhase;
			buildActionMask = 2147483647;
			files = (
				B5F9F3392A7B9B0F0038E1BA /* .gitignore in Resources */,
				B5F9F32A2A7A96A90038E1BA /* Preview Assets.xcassets in Resources */,
				B5F9F3352A7A98AB0038E1BA /* tomeigirls.mp3 in Resources */,
				B5F9F3262A7A96A90038E1BA /* Assets.xcassets in Resources */,
			);
			runOnlyForDeploymentPostprocessing = 0;
		};
/* End PBXResourcesBuildPhase section */

/* Begin PBXSourcesBuildPhase section */
		B5F9F31A2A7A96A60038E1BA /* Sources */ = {
			isa = PBXSourcesBuildPhase;
			buildActionMask = 2147483647;
			files = (
				B5F9F3312A7A97800038E1BA /* EpisodeModelView.swift in Sources */,
				B5F9F3332A7A97AA0038E1BA /* SyutokuModelView.swift in Sources */,
				B5F9F3242A7A96A60038E1BA /* ContentView.swift in Sources */,
				B5F9F3222A7A96A60038E1BA /* TomeiGirlApp.swift in Sources */,
			);
			runOnlyForDeploymentPostprocessing = 0;
		};
/* End PBXSourcesBuildPhase section */

/* Begin XCBuildConfiguration section */
		B5F9F32B2A7A96A90038E1BA /* Debug */ = {
			isa = XCBuildConfiguration;
			buildSettings = {
				ALWAYS_SEARCH_USER_PATHS = NO;
				CLANG_ANALYZER_NONNULL = YES;
				CLANG_ANALYZER_NUMBER_OBJECT_CONVERSION = YES_AGGRESSIVE;
				CLANG_CXX_LANGUAGE_STANDARD = "gnu++20";
				CLANG_ENABLE_MODULES = YES;
				CLANG_ENABLE_OBJC_ARC = YES;
				CLANG_ENABLE_OBJC_WEAK = YES;
				CLANG_WARN_BLOCK_CAPTURE_AUTORELEASING = YES;
				CLANG_WARN_BOOL_CONVERSION = YES;
				CLANG_WARN_COMMA = YES;
				CLANG_WARN_CONSTANT_CONVERSION = YES;
				CLANG_WARN_DEPRECATED_OBJC_IMPLEMENTATIONS = YES;
				CLANG_WARN_DIRECT_OBJC_ISA_USAGE = YES_ERROR;
				CLANG_WARN_DOCUMENTATION_COMMENTS = YES;
				CLANG_WARN_EMPTY_BODY = YES;
				CLANG_WARN_ENUM_CONVERSION = YES;
				CLANG_WARN_INFINITE_RECURSION = YES;
				CLANG_WARN_INT_CONVERSION = YES;
				CLANG_WARN_NON_LITERAL_NULL_CONVERSION = YES;
				CLANG_WARN_OBJC_IMPLICIT_RETAIN_SELF = YES;
				CLANG_WARN_OBJC_LITERAL_CONVERSION = YES;
				CLANG_WARN_OBJC_ROOT_CLASS = YES_ERROR;
				CLANG_WARN_QUOTED_INCLUDE_IN_FRAMEWORK_HEADER = YES;
				CLANG_WARN_RANGE_LOOP_ANALYSIS = YES;
				CLANG_WARN_STRICT_PROTOTYPES = YES;
				CLANG_WARN_SUSPICIOUS_MOVE = YES;
				CLANG_WARN_UNGUARDED_AVAILABILITY = YES_AGGRESSIVE;
				CLANG_WARN_UNREACHABLE_CODE = YES;
				CLANG_WARN__DUPLICATE_METHOD_MATCH = YES;
				COPY_PHASE_STRIP = NO;
				DEBUG_INFORMATION_FORMAT = dwarf;
				ENABLE_STRICT_OBJC_MSGSEND = YES;
				ENABLE_TESTABILITY = YES;
				GCC_C_LANGUAGE_STANDARD = gnu11;
				GCC_DYNAMIC_NO_PIC = NO;
				GCC_NO_COMMON_BLOCKS = YES;
				GCC_OPTIMIZATION_LEVEL = 0;
				GCC_PREPROCESSOR_DEFINITIONS = (
					"DEBUG=1",
					"$(inherited)",
				);
				GCC_WARN_64_TO_32_BIT_CONVERSION = YES;
				GCC_WARN_ABOUT_RETURN_TYPE = YES_ERROR;
				GCC_WARN_UNDECLARED_SELECTOR = YES;
				GCC_WARN_UNINITIALIZED_AUTOS = YES_AGGRESSIVE;
				GCC_WARN_UNUSED_FUNCTION = YES;
				GCC_WARN_UNUSED_VARIABLE = YES;
				MTL_ENABLE_DEBUG_INFO = INCLUDE_SOURCE;
				MTL_FAST_MATH = YES;
				ONLY_ACTIVE_ARCH = YES;
				SWIFT_ACTIVE_COMPILATION_CONDITIONS = DEBUG;
				SWIFT_OPTIMIZATION_LEVEL = "-Onone";
			};
			name = Debug;
		};
		B5F9F32C2A7A96A90038E1BA /* Release */ = {
			isa = XCBuildConfiguration;
			buildSettings = {
				ALWAYS_SEARCH_USER_PATHS = NO;
				CLANG_ANALYZER_NONNULL = YES;
				CLANG_ANALYZER_NUMBER_OBJECT_CONVERSION = YES_AGGRESSIVE;
				CLANG_CXX_LANGUAGE_STANDARD = "gnu++20";
				CLANG_ENABLE_MODULES = YES;
				CLANG_ENABLE_OBJC_ARC = YES;
				CLANG_ENABLE_OBJC_WEAK = YES;
				CLANG_WARN_BLOCK_CAPTURE_AUTORELEASING = YES;
				CLANG_WARN_BOOL_CONVERSION = YES;
				CLANG_WARN_COMMA = YES;
				CLANG_WARN_CONSTANT_CONVERSION = YES;
				CLANG_WARN_DEPRECATED_OBJC_IMPLEMENTATIONS = YES;
				CLANG_WARN_DIRECT_OBJC_ISA_USAGE = YES_ERROR;
				CLANG_WARN_DOCUMENTATION_COMMENTS = YES;
				CLANG_WARN_EMPTY_BODY = YES;
				CLANG_WARN_ENUM_CONVERSION = YES;
				CLANG_WARN_INFINITE_RECURSION = YES;
				CLANG_WARN_INT_CONVERSION = YES;
				CLANG_WARN_NON_LITERAL_NULL_CONVERSION = YES;
				CLANG_WARN_OBJC_IMPLICIT_RETAIN_SELF = YES;
				CLANG_WARN_OBJC_LITERAL_CONVERSION = YES;
				CLANG_WARN_OBJC_ROOT_CLASS = YES_ERROR;
				CLANG_WARN_QUOTED_INCLUDE_IN_FRAMEWORK_HEADER = YES;
				CLANG_WARN_RANGE_LOOP_ANALYSIS = YES;
				CLANG_WARN_STRICT_PROTOTYPES = YES;
				CLANG_WARN_SUSPICIOUS_MOVE = YES;
				CLANG_WARN_UNGUARDED_AVAILABILITY = YES_AGGRESSIVE;
				CLANG_WARN_UNREACHABLE_CODE = YES;
				CLANG_WARN__DUPLICATE_METHOD_MATCH = YES;
				COPY_PHASE_STRIP = NO;
				DEBUG_INFORMATION_FORMAT = "dwarf-with-dsym";
				ENABLE_NS_ASSERTIONS = NO;
				ENABLE_STRICT_OBJC_MSGSEND = YES;
				GCC_C_LANGUAGE_STANDARD = gnu11;
				GCC_NO_COMMON_BLOCKS = YES;
				GCC_WARN_64_TO_32_BIT_CONVERSION = YES;
				GCC_WARN_ABOUT_RETURN_TYPE = YES_ERROR;
				GCC_WARN_UNDECLARED_SELECTOR = YES;
				GCC_WARN_UNINITIALIZED_AUTOS = YES_AGGRESSIVE;
				GCC_WARN_UNUSED_FUNCTION = YES;
				GCC_WARN_UNUSED_VARIABLE = YES;
				MTL_ENABLE_DEBUG_INFO = NO;
				MTL_FAST_MATH = YES;
				SWIFT_COMPILATION_MODE = wholemodule;
				SWIFT_OPTIMIZATION_LEVEL = "-O";
			};
			name = Release;
		};
		B5F9F32E2A7A96A90038E1BA /* Debug */ = {
			isa = XCBuildConfiguration;
			buildSettings = {
				ASSETCATALOG_COMPILER_APPICON_NAME = AppIcon;
				ASSETCATALOG_COMPILER_GLOBAL_ACCENT_COLOR_NAME = AccentColor;
				ASSETCATALOG_COMPILER_INCLUDE_ALL_APPICON_ASSETS = NO;
				CODE_SIGN_ENTITLEMENTS = TomeiGirl/TomeiGirl.entitlements;
				CODE_SIGN_STYLE = Automatic;
				CURRENT_PROJECT_VERSION = 1;
				DEVELOPMENT_ASSET_PATHS = "\"TomeiGirl/Preview Content\"";
				DEVELOPMENT_TEAM = 7WC535CWC5;
				ENABLE_PREVIEWS = YES;
				GENERATE_INFOPLIST_FILE = YES;
				"INFOPLIST_KEY_UIApplicationSceneManifest_Generation[sdk=iphoneos*]" = YES;
				"INFOPLIST_KEY_UIApplicationSceneManifest_Generation[sdk=iphonesimulator*]" = YES;
				"INFOPLIST_KEY_UIApplicationSupportsIndirectInputEvents[sdk=iphoneos*]" = YES;
				"INFOPLIST_KEY_UIApplicationSupportsIndirectInputEvents[sdk=iphonesimulator*]" = YES;
				"INFOPLIST_KEY_UILaunchScreen_Generation[sdk=iphoneos*]" = YES;
				"INFOPLIST_KEY_UILaunchScreen_Generation[sdk=iphonesimulator*]" = YES;
				"INFOPLIST_KEY_UIStatusBarStyle[sdk=iphoneos*]" = UIStatusBarStyleDefault;
				"INFOPLIST_KEY_UIStatusBarStyle[sdk=iphonesimulator*]" = UIStatusBarStyleDefault;
				INFOPLIST_KEY_UISupportedInterfaceOrientations_iPad = "UIInterfaceOrientationPortrait UIInterfaceOrientationPortraitUpsideDown UIInterfaceOrientationLandscapeLeft UIInterfaceOrientationLandscapeRight";
				INFOPLIST_KEY_UISupportedInterfaceOrientations_iPhone = "UIInterfaceOrientationPortrait UIInterfaceOrientationLandscapeLeft UIInterfaceOrientationLandscapeRight";
				IPHONEOS_DEPLOYMENT_TARGET = 16.4;
				LD_RUNPATH_SEARCH_PATHS = "@executable_path/Frameworks";
				"LD_RUNPATH_SEARCH_PATHS[sdk=macosx*]" = "@executable_path/../Frameworks";
				MACOSX_DEPLOYMENT_TARGET = 13.3;
				MARKETING_VERSION = 1.0;
				PRODUCT_BUNDLE_IDENTIFIER = Seiya.TomeiGirl;
				PRODUCT_NAME = "$(TARGET_NAME)";
				SDKROOT = auto;
				SUPPORTED_PLATFORMS = "iphoneos iphonesimulator macosx";
				SWIFT_EMIT_LOC_STRINGS = YES;
				SWIFT_VERSION = 5.0;
				TARGETED_DEVICE_FAMILY = "1,2";
			};
			name = Debug;
		};
		B5F9F32F2A7A96A90038E1BA /* Release */ = {
			isa = XCBuildConfiguration;
			buildSettings = {
				ASSETCATALOG_COMPILER_APPICON_NAME = AppIcon;
				ASSETCATALOG_COMPILER_GLOBAL_ACCENT_COLOR_NAME = AccentColor;
				ASSETCATALOG_COMPILER_INCLUDE_ALL_APPICON_ASSETS = NO;
				CODE_SIGN_ENTITLEMENTS = TomeiGirl/TomeiGirl.entitlements;
				CODE_SIGN_STYLE = Automatic;
				CURRENT_PROJECT_VERSION = 1;
				DEVELOPMENT_ASSET_PATHS = "\"TomeiGirl/Preview Content\"";
				DEVELOPMENT_TEAM = 7WC535CWC5;
				ENABLE_PREVIEWS = YES;
				GENERATE_INFOPLIST_FILE = YES;
				"INFOPLIST_KEY_UIApplicationSceneManifest_Generation[sdk=iphoneos*]" = YES;
				"INFOPLIST_KEY_UIApplicationSceneManifest_Generation[sdk=iphonesimulator*]" = YES;
				"INFOPLIST_KEY_UIApplicationSupportsIndirectInputEvents[sdk=iphoneos*]" = YES;
				"INFOPLIST_KEY_UIApplicationSupportsIndirectInputEvents[sdk=iphonesimulator*]" = YES;
				"INFOPLIST_KEY_UILaunchScreen_Generation[sdk=iphoneos*]" = YES;
				"INFOPLIST_KEY_UILaunchScreen_Generation[sdk=iphonesimulator*]" = YES;
				"INFOPLIST_KEY_UIStatusBarStyle[sdk=iphoneos*]" = UIStatusBarStyleDefault;
				"INFOPLIST_KEY_UIStatusBarStyle[sdk=iphonesimulator*]" = UIStatusBarStyleDefault;
				INFOPLIST_KEY_UISupportedInterfaceOrientations_iPad = "UIInterfaceOrientationPortrait UIInterfaceOrientationPortraitUpsideDown UIInterfaceOrientationLandscapeLeft UIInterfaceOrientationLandscapeRight";
				INFOPLIST_KEY_UISupportedInterfaceOrientations_iPhone = "UIInterfaceOrientationPortrait UIInterfaceOrientationLandscapeLeft UIInterfaceOrientationLandscapeRight";
				IPHONEOS_DEPLOYMENT_TARGET = 16.4;
				LD_RUNPATH_SEARCH_PATHS = "@executable_path/Frameworks";
				"LD_RUNPATH_SEARCH_PATHS[sdk=macosx*]" = "@executable_path/../Frameworks";
				MACOSX_DEPLOYMENT_TARGET = 13.3;
				MARKETING_VERSION = 1.0;
				PRODUCT_BUNDLE_IDENTIFIER = Seiya.TomeiGirl;
				PRODUCT_NAME = "$(TARGET_NAME)";
				SDKROOT = auto;
				SUPPORTED_PLATFORMS = "iphoneos iphonesimulator macosx";
				SWIFT_EMIT_LOC_STRINGS = YES;
				SWIFT_VERSION = 5.0;
				TARGETED_DEVICE_FAMILY = "1,2";
			};
			name = Release;
		};
/* End XCBuildConfiguration section */

/* Begin XCConfigurationList section */
		B5F9F3192A7A96A60038E1BA /* Build configuration list for PBXProject "TomeiGirl" */ = {
			isa = XCConfigurationList;
			buildConfigurations = (
				B5F9F32B2A7A96A90038E1BA /* Debug */,
				B5F9F32C2A7A96A90038E1BA /* Release */,
			);
			defaultConfigurationIsVisible = 0;
			defaultConfigurationName = Release;
		};
		B5F9F32D2A7A96A90038E1BA /* Build configuration list for PBXNativeTarget "TomeiGirl" */ = {
			isa = XCConfigurationList;
			buildConfigurations = (
				B5F9F32E2A7A96A90038E1BA /* Debug */,
				B5F9F32F2A7A96A90038E1BA /* Release */,
			);
			defaultConfigurationIsVisible = 0;
			defaultConfigurationName = Release;
		};
/* End XCConfigurationList section */
	};
	rootObject = B5F9F3162A7A96A60038E1BA /* Project object */;
}
